
Microsoft Visual Studio Solution File, Format Version 12.00
# Visual Studio 15
VisualStudioVersion = 15.0.27703.2018
MinimumVisualStudioVersion = 10.0.40219.1
Project("{FAE04EC0-301F-11D3-BF4B-00C04F79EFBC}") = "MoqTest", "MoqTest\MoqTest.csproj", "{0FCC7A64-CA54-4AF8-939F-035FDB536FF8}"
EndProject
Project("{FAE04EC0-301F-11D3-BF4B-00C04F79EFBC}") = "MoqSample", "Moq\MoqSample.csproj", "{42963E1E-1C15-4DE1-9BAF-E154E657717F}"
EndProject
Global
	GlobalSection(SolutionConfigurationPlatforms) = preSolution
		Debug|Any CPU = Debug|Any CPU
		Release|Any CPU = Release|Any CPU
	EndGlobalSection
	GlobalSection(ProjectConfigurationPlatforms) = postSolution
		{0FCC7A64-CA54-4AF8-939F-035FDB536FF8}.Debug|Any CPU.ActiveCfg = Debug|Any CPU
		{0FCC7A64-CA54-4AF8-939F-035FDB536FF8}.Debug|Any CPU.Build.0 = Debug|Any CPU
		{0FCC7A64-CA54-4AF8-939F-035FDB536FF8}.Release|Any CPU.ActiveCfg = Release|Any CPU
		{0FCC7A64-CA54-4AF8-939F-035FDB536FF8}.Release|Any CPU.Build.0 = Release|Any CPU
		{42963E1E-1C15-4DE1-9BAF-E154E657717F}.Debug|Any CPU.ActiveCfg = Debug|Any CPU
		{42963E1E-1C15-4DE1-9BAF-E154E657717F}.Debug|Any CPU.Build.0 = Debug|Any CPU
		{42963E1E-1C15-4DE1-9BAF-E154E657717F}.Release|Any CPU.ActiveCfg = Release|Any CPU
		{42963E1E-1C15-4DE1-9BAF-E154E657717F}.Release|Any CPU.Build.0 = Release|Any CPU
	EndGlobalSection
	GlobalSection(SolutionProperties) = preSolution
		HideSolutionNode = FALSE
	EndGlobalSection
	GlobalSection(ExtensibilityGlobals) = postSolution
		SolutionGuid = {F6BDD5C5-0CEC-4E7E-98BC-3C418CE89A14}
	EndGlobalSection
EndGlobal
